
Microsoft Visual Studio Solution File, Format Version 12.00
Project("{FAE04EC0-301F-11D3-BF4B-00C04F79EFBC}") = "TomProxyApi", "TomProxyApi.csproj", "{DB85C0D4-86F9-494F-88F7-719EF58C0E7B}"
EndProject
Project("{FAE04EC0-301F-11D3-BF4B-00C04F79EFBC}") = "ProxyTests", "..\ProxyTests\ProxyTests.csproj", "{19E3CB32-0FE7-429B-A198-FCC0EA37AEF8}"
EndProject
Global
	GlobalSection(SolutionConfigurationPlatforms) = preSolution
		Debug|Any CPU = Debug|Any CPU
		Release|Any CPU = Release|Any CPU
	EndGlobalSection
	GlobalSection(ProjectConfigurationPlatforms) = postSolution
		{DB85C0D4-86F9-494F-88F7-719EF58C0E7B}.Debug|Any CPU.ActiveCfg = Debug|Any CPU
		{DB85C0D4-86F9-494F-88F7-719EF58C0E7B}.Debug|Any CPU.Build.0 = Debug|Any CPU
		{DB85C0D4-86F9-494F-88F7-719EF58C0E7B}.Release|Any CPU.ActiveCfg = Release|Any CPU
		{DB85C0D4-86F9-494F-88F7-719EF58C0E7B}.Release|Any CPU.Build.0 = Release|Any CPU
		{19E3CB32-0FE7-429B-A198-FCC0EA37AEF8}.Debug|Any CPU.ActiveCfg = Debug|Any CPU
		{19E3CB32-0FE7-429B-A198-FCC0EA37AEF8}.Debug|Any CPU.Build.0 = Debug|Any CPU
		{19E3CB32-0FE7-429B-A198-FCC0EA37AEF8}.Release|Any CPU.ActiveCfg = Release|Any CPU
		{19E3CB32-0FE7-429B-A198-FCC0EA37AEF8}.Release|Any CPU.Build.0 = Release|Any CPU
	EndGlobalSection
EndGlobal
